
Microsoft Visual Studio Solution File, Format Version 11.00
# Visual Studio 2010
Project("{FAE04EC0-301F-11D3-BF4B-00C04F79EFBC}") = "Project Orb Shooter", "Assembly-CSharp.csproj", "{B98D5D39-36F4-6692-962D-05C92FDB067A}"
EndProject
Project("{FAE04EC0-301F-11D3-BF4B-00C04F79EFBC}") = "Project Orb Shooter", "Assembly-CSharp-Editor.csproj", "{134C09E7-4334-180F-C39D-3A02CC921229}"
EndProject
Global
	GlobalSection(SolutionConfigurationPlatforms) = preSolution
		Debug|Any CPU = Debug|Any CPU
		Release|Any CPU = Release|Any CPU
	EndGlobalSection
	GlobalSection(ProjectConfigurationPlatforms) = postSolution
		{B98D5D39-36F4-6692-962D-05C92FDB067A}.Debug|Any CPU.ActiveCfg = Debug|Any CPU
		{B98D5D39-36F4-6692-962D-05C92FDB067A}.Debug|Any CPU.Build.0 = Debug|Any CPU
		{B98D5D39-36F4-6692-962D-05C92FDB067A}.Release|Any CPU.ActiveCfg = Release|Any CPU
		{B98D5D39-36F4-6692-962D-05C92FDB067A}.Release|Any CPU.Build.0 = Release|Any CPU
		{134C09E7-4334-180F-C39D-3A02CC921229}.Debug|Any CPU.ActiveCfg = Debug|Any CPU
		{134C09E7-4334-180F-C39D-3A02CC921229}.Debug|Any CPU.Build.0 = Debug|Any CPU
		{134C09E7-4334-180F-C39D-3A02CC921229}.Release|Any CPU.ActiveCfg = Release|Any CPU
		{134C09E7-4334-180F-C39D-3A02CC921229}.Release|Any CPU.Build.0 = Release|Any CPU
	EndGlobalSection
	GlobalSection(SolutionProperties) = preSolution
		HideSolutionNode = FALSE
	EndGlobalSection
	GlobalSection(MonoDevelopProperties) = preSolution
		StartupItem = Assembly-CSharp.csproj
	EndGlobalSection
EndGlobal
